
Microsoft Visual Studio Solution File, Format Version 12.00
# Visual Studio Version 17
VisualStudioVersion = 17.14.36915.13 d17.14
MinimumVisualStudioVersion = 10.0.40219.1
Project("{FAE04EC0-301F-11D3-BF4B-00C04F79EFBC}") = "PersonalFinance", "PersonalFinance.csproj", "{F3830EC0-FA27-437A-9B94-39595B8A2085}"
EndProject
Global
	GlobalSection(SolutionConfigurationPlatforms) = preSolution
		Debug|Any CPU = Debug|Any CPU
		Release|Any CPU = Release|Any CPU
	EndGlobalSection
	GlobalSection(ProjectConfigurationPlatforms) = postSolution
		{F3830EC0-FA27-437A-9B94-39595B8A2085}.Debug|Any CPU.ActiveCfg = Debug|Any CPU
		{F3830EC0-FA27-437A-9B94-39595B8A2085}.Debug|Any CPU.Build.0 = Debug|Any CPU
		{F3830EC0-FA27-437A-9B94-39595B8A2085}.Release|Any CPU.ActiveCfg = Release|Any CPU
		{F3830EC0-FA27-437A-9B94-39595B8A2085}.Release|Any CPU.Build.0 = Release|Any CPU
	EndGlobalSection
	GlobalSection(SolutionProperties) = preSolution
		HideSolutionNode = FALSE
	EndGlobalSection
	GlobalSection(ExtensibilityGlobals) = postSolution
		SolutionGuid = {1ACF2D80-5ABE-42FE-84D6-9E5D8D8CE47E}
	EndGlobalSection
EndGlobal
